PODS:
  - HexColors (4.0.0)
  - Ji (1.2.0):
    - Ji/Ji (= 1.2.0)
  - Ji/Ji (1.2.0):
    - Ji/Ji-libxml
  - Ji/Ji-libxml (1.2.0)
  - Kanna (1.1.1)
  - MJCalendar (0.3.0):
    - NSDate-Escort (~> 1.5)
    - UIView+JMFrame
  - NSDate-Escort (1.7.0)
  - SwiftHTTP (1.0.6)
  - SwiftyJSON (3.1.1)
  - UIView+JMFrame (0.1.2)

DEPENDENCIES:
  - HexColors
  - Ji (~> 1.2.0)
  - Kanna (~> 1.1.0)
  - MJCalendar
  - NSDate-Escort
  - SwiftHTTP (~> 1.0.4)
  - SwiftyJSON

SPEC CHECKSUMS:
  HexColors: 5f95843ef89aff6a72e1fd3a8ebabf205cc43379
  Ji: ddebb22f9ac445db6e884b66f78ea74fb135fdb7
  Kanna: 9d3118cff609bd21eb374be5be590b544941160f
  MJCalendar: fded170474124dc14ae81868f7ffc69bc5438b6f
  NSDate-Escort: 3469fefab423c094108c2e864416b61b6ac0edbc
  SwiftHTTP: e9124c24b3cff5138d0fb6c5481192ee198a4c0b
  SwiftyJSON: f0be2e604f83e8405a624e9f891898bf6ed4e019
  UIView+JMFrame: a907974c9d34b1c300aef85ae2a1a5af746f2b8a

PODFILE CHECKSUM: 22b58f77e7aeb6a2d0edcf55ba32bccebf256ff4

COCOAPODS: 1.1.0.rc.2
